<?xml version="1.0" encoding="utf-8"?>
<Project ToolsVersion="4.0" xmlns="http://schemas.microsoft.com/developer/msbuild/2003">
  <ItemGroup>
    <Filter Include="Source Files">
      <UniqueIdentifier>{4FC737F1-C7A5-4376-A066-2A32D752A2FF}</UniqueIdentifier>
      <Extensions>cpp;c;cc;cxx;def;odl;idl;hpj;bat;asm;asmx</Extensions>
    </Filter>
    <Filter Include="Resource Files">
      <UniqueIdentifier>{67DA6AB6-F800-4c08-8B7A-83BB121AAD01}</UniqueIdentifier>
      <Extensions>rc;ico;cur;bmp;dlg;rc2;rct;bin;rgs;gif;jpg;jpeg;jpe;resx;tiff;tif;png;wav;mfcribbon-ms</Extensions>
    </Filter>
    <Filter Include="Tooling">
      <UniqueIdentifier>{0cee6bf0-4696-4165-bc7c-6039a5296b58}</UniqueIdentifier>
    </Filter>
    <Filter Include="Days2024">
      <UniqueIdentifier>{ab420876-59b2-4231-b080-8110dc4f4779}</UniqueIdentifier>
    </Filter>
    <Filter Include="Data">
      <UniqueIdentifier>{5117cd40-00a7-4e0e-8053-2525fcb0747c}</UniqueIdentifier>
    </Filter>
  </ItemGroup>
  <ItemGroup>
    <ClCompile Include="main.cpp">
      <Filter>Source Files</Filter>
    </ClCompile>
    <ClCompile Include="src\DataDir.cpp">
      <Filter>Tooling</Filter>
    </ClCompile>
    <ClCompile Include="src\md5.cpp">
      <Filter>Tooling</Filter>
    </ClCompile>
    <ClCompile Include="src\IteratorCheck.cpp">
      <Filter>Tooling</Filter>
    </ClCompile>
    <ClCompile Include="src\aoc2024_01.cpp">
      <Filter>Days2024</Filter>
    </ClCompile>
    <ClCompile Include="src\aoc2024_02.cpp">
      <Filter>Days2024</Filter>
    </ClCompile>
    <ClCompile Include="src\aoc2024_03.cpp">
      <Filter>Days2024</Filter>
    </ClCompile>
    <ClCompile Include="src\aoc2024_04.cpp">
      <Filter>Days2024</Filter>
    </ClCompile>
    <ClCompile Include="src\aoc2024_05.cpp">
      <Filter>Days2024</Filter>
    </ClCompile>
    <ClCompile Include="src\aoc2024_06.cpp">
      <Filter>Days2024</Filter>
    </ClCompile>
    <ClCompile Include="src\aoc2024_07.cpp">
      <Filter>Days2024</Filter>
    </ClCompile>
    <ClCompile Include="src\aoc2024_08.cpp">
      <Filter>Days2024</Filter>
    </ClCompile>
    <ClCompile Include="src\aoc2024_09.cpp">
      <Filter>Days2024</Filter>
    </ClCompile>
    <ClCompile Include="src\aoc2024_10.cpp">
      <Filter>Days2024</Filter>
    </ClCompile>
    <ClCompile Include="src\aoc2024_11.cpp">
      <Filter>Days2024</Filter>
    </ClCompile>
    <ClCompile Include="src\aoc2024_12.cpp">
      <Filter>Days2024</Filter>
    </ClCompile>
    <ClCompile Include="src\aoc2024_13.cpp">
      <Filter>Days2024</Filter>
    </ClCompile>
    <ClCompile Include="src\aoc2024_14.cpp">
      <Filter>Days2024</Filter>
    </ClCompile>
    <ClCompile Include="src\aoc2024_15.cpp">
      <Filter>Days2024</Filter>
    </ClCompile>
    <ClCompile Include="src\aoc2024_16.cpp">
      <Filter>Days2024</Filter>
    </ClCompile>
    <ClCompile Include="src\aoc2024_17.cpp">
      <Filter>Days2024</Filter>
    </ClCompile>
    <ClCompile Include="src\aoc2024_18.cpp">
      <Filter>Days2024</Filter>
    </ClCompile>
    <ClCompile Include="src\aoc2024_19.cpp">
      <Filter>Days2024</Filter>
    </ClCompile>
    <ClCompile Include="src\aoc2024_20.cpp">
      <Filter>Days2024</Filter>
    </ClCompile>
    <ClCompile Include="src\aoc2024_21.cpp">
      <Filter>Days2024</Filter>
    </ClCompile>
    <ClCompile Include="src\aoc2024_22.cpp">
      <Filter>Days2024</Filter>
    </ClCompile>
    <ClCompile Include="src\aoc2024_23.cpp">
      <Filter>Days2024</Filter>
    </ClCompile>
    <ClCompile Include="src\aoc2024_24.cpp">
      <Filter>Days2024</Filter>
    </ClCompile>
    <ClCompile Include="src\aoc2024_25.cpp">
      <Filter>Days2024</Filter>
    </ClCompile>
  </ItemGroup>
  <ItemGroup>
    <ClInclude Include="src\StopWatch.h">
      <Filter>Tooling</Filter>
    </ClInclude>
    <ClInclude Include="src\DataDir.h">
      <Filter>Tooling</Filter>
    </ClInclude>
    <ClInclude Include="src\MD5.h">
      <Filter>Tooling</Filter>
    </ClInclude>
    <ClInclude Include="src\LineIterator.h">
      <Filter>Tooling</Filter>
    </ClInclude>
    <ClInclude Include="src\TxtFile.h">
      <Filter>Tooling</Filter>
    </ClInclude>
    <ClInclude Include="src\AsyncQueue.h">
      <Filter>Tooling</Filter>
    </ClInclude>
    <ClInclude Include="src\SplitIterator.h">
      <Filter>Tooling</Filter>
    </ClInclude>
    <ClInclude Include="src\InputConversions.h">
      <Filter>Tooling</Filter>
    </ClInclude>
    <ClInclude Include="src\Days2024.h">
      <Filter>Days2024</Filter>
    </ClInclude>
  </ItemGroup>
  <ItemGroup>
    <Text Include="bin\2024\2024_01.txt">
      <Filter>Data</Filter>
    </Text>
    <Text Include="bin\2024\2024_02.txt">
      <Filter>Data</Filter>
    </Text>
    <Text Include="bin\2024\2024_03.txt">
      <Filter>Data</Filter>
    </Text>
    <Text Include="bin\2024\2024_04.txt">
      <Filter>Data</Filter>
    </Text>
    <Text Include="bin\2024\2024_05.txt">
      <Filter>Data</Filter>
    </Text>
    <Text Include="bin\2024\2024_06.txt">
      <Filter>Data</Filter>
    </Text>
    <Text Include="bin\2024\2024_07.txt">
      <Filter>Data</Filter>
    </Text>
    <Text Include="bin\2024\2024_08.txt">
      <Filter>Data</Filter>
    </Text>
    <Text Include="bin\2024\2024_09.txt">
      <Filter>Data</Filter>
    </Text>
    <Text Include="bin\2024\2024_10.txt">
      <Filter>Data</Filter>
    </Text>
    <Text Include="bin\2024\2024_11.txt">
      <Filter>Data</Filter>
    </Text>
    <Text Include="bin\2024\2024_12.txt">
      <Filter>Data</Filter>
    </Text>
    <Text Include="bin\2024\2024_13.txt">
      <Filter>Data</Filter>
    </Text>
    <Text Include="bin\2024\2024_14.txt">
      <Filter>Data</Filter>
    </Text>
    <Text Include="bin\2024\2024_15.txt">
      <Filter>Data</Filter>
    </Text>
    <Text Include="bin\2024\2024_16.txt">
      <Filter>Data</Filter>
    </Text>
    <Text Include="bin\2024\2024_17.txt">
      <Filter>Data</Filter>
    </Text>
    <Text Include="bin\2024\2024_18.txt">
      <Filter>Data</Filter>
    </Text>
    <Text Include="bin\2024\2024_19.txt">
      <Filter>Data</Filter>
    </Text>
    <Text Include="bin\2024\2024_20.txt">
      <Filter>Data</Filter>
    </Text>
    <Text Include="bin\2024\2024_21.txt">
      <Filter>Data</Filter>
    </Text>
    <Text Include="bin\2024\2024_22.txt">
      <Filter>Data</Filter>
    </Text>
    <Text Include="bin\2024\2024_23.txt">
      <Filter>Data</Filter>
    </Text>
    <Text Include="bin\2024\2024_24.txt">
      <Filter>Data</Filter>
    </Text>
    <Text Include="bin\2024\2024_25.txt">
      <Filter>Data</Filter>
    </Text>
  </ItemGroup>
</Project>